
Microsoft Visual Studio Solution File, Format Version 12.00
Project("{FAE04EC0-301F-11D3-BF4B-00C04F79EFBC}") = "PleasantUI.Example", "PleasantUI.Example\PleasantUI.Example.csproj", "{8C7F65C9-20C9-4E6A-9F88-A2A69A9DD58E}"
EndProject
Project("{FAE04EC0-301F-11D3-BF4B-00C04F79EFBC}") = "PleasantUI", "PleasantUI\PleasantUI.csproj", "{A9CF07E0-DA56-4754-AA25-6FF61EC60270}"
EndProject
Project("{FAE04EC0-301F-11D3-BF4B-00C04F79EFBC}") = "PleasantUI.Example.Android", "PleasantUI.Example.Android\PleasantUI.Example.Android.csproj", "{9B16757A-17A3-4714-977C-9F3816E59DA7}"
EndProject
Global
	GlobalSection(SolutionConfigurationPlatforms) = preSolution
		Debug|Any CPU = Debug|Any CPU
		Release|Any CPU = Release|Any CPU
	EndGlobalSection
	GlobalSection(ProjectConfigurationPlatforms) = postSolution
		{8C7F65C9-20C9-4E6A-9F88-A2A69A9DD58E}.Debug|Any CPU.ActiveCfg = Debug|Any CPU
		{8C7F65C9-20C9-4E6A-9F88-A2A69A9DD58E}.Debug|Any CPU.Build.0 = Debug|Any CPU
		{8C7F65C9-20C9-4E6A-9F88-A2A69A9DD58E}.Release|Any CPU.ActiveCfg = Release|Any CPU
		{8C7F65C9-20C9-4E6A-9F88-A2A69A9DD58E}.Release|Any CPU.Build.0 = Release|Any CPU
		{A9CF07E0-DA56-4754-AA25-6FF61EC60270}.Debug|Any CPU.ActiveCfg = Debug|Any CPU
		{A9CF07E0-DA56-4754-AA25-6FF61EC60270}.Debug|Any CPU.Build.0 = Debug|Any CPU
		{A9CF07E0-DA56-4754-AA25-6FF61EC60270}.Release|Any CPU.ActiveCfg = Release|Any CPU
		{A9CF07E0-DA56-4754-AA25-6FF61EC60270}.Release|Any CPU.Build.0 = Release|Any CPU
		{9B16757A-17A3-4714-977C-9F3816E59DA7}.Debug|Any CPU.ActiveCfg = Debug|Any CPU
		{9B16757A-17A3-4714-977C-9F3816E59DA7}.Debug|Any CPU.Build.0 = Debug|Any CPU
		{9B16757A-17A3-4714-977C-9F3816E59DA7}.Release|Any CPU.ActiveCfg = Release|Any CPU
		{9B16757A-17A3-4714-977C-9F3816E59DA7}.Release|Any CPU.Build.0 = Release|Any CPU
	EndGlobalSection
EndGlobal
